
Microsoft Visual Studio Solution File, Format Version 12.00
# Visual Studio Version 17
VisualStudioVersion = 17.3.32922.545
MinimumVisualStudioVersion = 10.0.40219.1
Project("{FAE04EC0-301F-11D3-BF4B-00C04F79EFBC}") = "ConsoleApp1", "ConsoleApp1.csproj", "{EB9BF96E-A180-4118-9F1F-88631F5E5057}"
EndProject
Global
	GlobalSection(SolutionConfigurationPlatforms) = preSolution
		Debug|Any CPU = Debug|Any CPU
		Release|Any CPU = Release|Any CPU
	EndGlobalSection
	GlobalSection(ProjectConfigurationPlatforms) = postSolution
		{EB9BF96E-A180-4118-9F1F-88631F5E5057}.Debug|Any CPU.ActiveCfg = Debug|Any CPU
		{EB9BF96E-A180-4118-9F1F-88631F5E5057}.Debug|Any CPU.Build.0 = Debug|Any CPU
		{EB9BF96E-A180-4118-9F1F-88631F5E5057}.Release|Any CPU.ActiveCfg = Release|Any CPU
		{EB9BF96E-A180-4118-9F1F-88631F5E5057}.Release|Any CPU.Build.0 = Release|Any CPU
	EndGlobalSection
	GlobalSection(SolutionProperties) = preSolution
		HideSolutionNode = FALSE
	EndGlobalSection
	GlobalSection(ExtensibilityGlobals) = postSolution
		SolutionGuid = {5A9CCBBC-8139-4F99-8B9F-B2A345EC594A}
	EndGlobalSection
EndGlobal
